{
  "version": 4,
  "terraform_version": "1.1.9",
  "serial": 16,
  "lineage": "f270964e-1604-2b16-5bbe-7988cfe76389",
  "outputs": {
    "acr_id": {
      "value": "/subscriptions/ba11eb08-8b20-4f90-9f5b-e4672ac225e6/resourceGroups/testaks_rg/providers/Microsoft.ContainerRegistry/registries/protim",
      "type": "string"
    },
    "acr_login_server": {
      "value": "protim.azurecr.io",
      "type": "string"
    }
  },
  "resources": [
    {
      "mode": "managed",
      "type": "azurerm_container_registry",
      "name": "acr",
      "provider": "provider[\"registry.terraform.io/hashicorp/azurerm\"]",
      "instances": [
        {
          "schema_version": 2,
          "attributes": {
            "admin_enabled": false,
            "admin_password": "",
            "admin_username": "",
            "georeplication_locations": null,
            "id": "/subscriptions/ba11eb08-8b20-4f90-9f5b-e4672ac225e6/resourceGroups/testaks_rg/providers/Microsoft.ContainerRegistry/registries/protim",
            "location": "eastasia",
            "login_server": "protim.azurecr.io",
            "name": "protim",
            "network_rule_set": [],
            "resource_group_name": "testaks_rg",
            "retention_policy": [
              {
                "days": 7,
                "enabled": false
              }
            ],
            "sku": "Standard",
            "storage_account_id": null,
            "tags": null,
            "timeouts": null,
            "trust_policy": [
              {
                "enabled": false
              }
            ]
          },
          "sensitive_attributes": [],
          "private": "eyJlMmJmYjczMC1lY2FhLTExZTYtOGY4OC0zNDM2M2JjN2M0YzAiOnsiY3JlYXRlIjoxODAwMDAwMDAwMDAwLCJkZWxldGUiOjE4MDAwMDAwMDAwMDAsInJlYWQiOjMwMDAwMDAwMDAwMCwidXBkYXRlIjoxODAwMDAwMDAwMDAwfSwic2NoZW1hX3ZlcnNpb24iOiIyIn0=",
          "dependencies": [
            "azurerm_resource_group.aks-rg"
          ]
        }
      ]
    },
    {
      "mode": "managed",
      "type": "azurerm_resource_group",
      "name": "aks-rg",
      "provider": "provider[\"registry.terraform.io/hashicorp/azurerm\"]",
      "instances": [
        {
          "schema_version": 0,
          "attributes": {
            "id": "/subscriptions/ba11eb08-8b20-4f90-9f5b-e4672ac225e6/resourceGroups/testaks_rg",
            "location": "eastasia",
            "name": "testaks_rg",
            "tags": null,
            "timeouts": null
          },
          "sensitive_attributes": [],
          "private": "eyJlMmJmYjczMC1lY2FhLTExZTYtOGY4OC0zNDM2M2JjN2M0YzAiOnsiY3JlYXRlIjo1NDAwMDAwMDAwMDAwLCJkZWxldGUiOjU0MDAwMDAwMDAwMDAsInJlYWQiOjMwMDAwMDAwMDAwMCwidXBkYXRlIjo1NDAwMDAwMDAwMDAwfX0="
        }
      ]
    },
    {
      "mode": "managed",
      "type": "azurerm_role_assignment",
      "name": "role_acrpull",
      "provider": "provider[\"registry.terraform.io/hashicorp/azurerm\"]",
      "instances": []
    },
    {
      "mode": "managed",
      "type": "local_file",
      "name": "kubeconfig",
      "provider": "provider[\"registry.terraform.io/hashicorp/local\"]",
      "instances": []
    }
  ]
}
